
Microsoft Visual Studio Solution File, Format Version 12.00
# Visual Studio Version 17
VisualStudioVersion = 17.9.34728.123
MinimumVisualStudioVersion = 10.0.40219.1
Project("{9A19103F-16F7-4668-BE54-9A1E7A4F7556}") = "StyleSpireWeb", "StyleSpireWeb\StyleSpireWeb.csproj", "{39A07553-C8DA-4830-B200-2E19D3994F39}"
EndProject
Project("{9A19103F-16F7-4668-BE54-9A1E7A4F7556}") = "StyleSpireData.Data", "StyleSpireData\StyleSpireData.Data.csproj", "{F608A287-E276-444D-A4A0-E7B98EE1D31D}"
EndProject
Project("{2150E333-8FDC-42A3-9474-1A3956D46DE8}") = "StyleSpireData", "StyleSpireData", "{82AB47F9-2D64-47DB-B5C7-6BB3CB3277A5}"
EndProject
Project("{9A19103F-16F7-4668-BE54-9A1E7A4F7556}") = "StyleSpireData.Models", "StyleSpireData.Models\StyleSpireData.Models.csproj", "{AA0C9116-F118-4DCD-84AB-3CEA6776EFF9}"
EndProject
Project("{9A19103F-16F7-4668-BE54-9A1E7A4F7556}") = "StyleSpireData.Common", "StyleSpireData.Common\StyleSpireData.Common.csproj", "{112AF518-A53D-4341-A22A-430C0DE439B6}"
EndProject
Project("{2150E333-8FDC-42A3-9474-1A3956D46DE8}") = "StyleSpireServices", "StyleSpireServices", "{3396BE2E-88BB-4480-AB2D-6583C2699CD3}"
EndProject
Project("{9A19103F-16F7-4668-BE54-9A1E7A4F7556}") = "StyleSpire.Services.Mapping", "StyleSpire.Services.Mapping\StyleSpire.Services.Mapping.csproj", "{E0A26094-6252-433C-A996-AE5C4CA81265}"
EndProject
Project("{FAE04EC0-301F-11D3-BF4B-00C04F79EFBC}") = "StyleSpire.Services.Messaging", "StyleSpire.Services.Messaging\StyleSpire.Services.Messaging.csproj", "{422BDD3D-5858-454E-B16A-BF8D77E4762D}"
EndProject
Global
	GlobalSection(SolutionConfigurationPlatforms) = preSolution
		Debug|Any CPU = Debug|Any CPU
		Release|Any CPU = Release|Any CPU
	EndGlobalSection
	GlobalSection(ProjectConfigurationPlatforms) = postSolution
		{39A07553-C8DA-4830-B200-2E19D3994F39}.Debug|Any CPU.ActiveCfg = Debug|Any CPU
		{39A07553-C8DA-4830-B200-2E19D3994F39}.Debug|Any CPU.Build.0 = Debug|Any CPU
		{39A07553-C8DA-4830-B200-2E19D3994F39}.Release|Any CPU.ActiveCfg = Release|Any CPU
		{39A07553-C8DA-4830-B200-2E19D3994F39}.Release|Any CPU.Build.0 = Release|Any CPU
		{F608A287-E276-444D-A4A0-E7B98EE1D31D}.Debug|Any CPU.ActiveCfg = Debug|Any CPU
		{F608A287-E276-444D-A4A0-E7B98EE1D31D}.Debug|Any CPU.Build.0 = Debug|Any CPU
		{F608A287-E276-444D-A4A0-E7B98EE1D31D}.Release|Any CPU.ActiveCfg = Release|Any CPU
		{F608A287-E276-444D-A4A0-E7B98EE1D31D}.Release|Any CPU.Build.0 = Release|Any CPU
		{AA0C9116-F118-4DCD-84AB-3CEA6776EFF9}.Debug|Any CPU.ActiveCfg = Debug|Any CPU
		{AA0C9116-F118-4DCD-84AB-3CEA6776EFF9}.Debug|Any CPU.Build.0 = Debug|Any CPU
		{AA0C9116-F118-4DCD-84AB-3CEA6776EFF9}.Release|Any CPU.ActiveCfg = Release|Any CPU
		{AA0C9116-F118-4DCD-84AB-3CEA6776EFF9}.Release|Any CPU.Build.0 = Release|Any CPU
		{112AF518-A53D-4341-A22A-430C0DE439B6}.Debug|Any CPU.ActiveCfg = Debug|Any CPU
		{112AF518-A53D-4341-A22A-430C0DE439B6}.Debug|Any CPU.Build.0 = Debug|Any CPU
		{112AF518-A53D-4341-A22A-430C0DE439B6}.Release|Any CPU.ActiveCfg = Release|Any CPU
		{112AF518-A53D-4341-A22A-430C0DE439B6}.Release|Any CPU.Build.0 = Release|Any CPU
		{E0A26094-6252-433C-A996-AE5C4CA81265}.Debug|Any CPU.ActiveCfg = Debug|Any CPU
		{E0A26094-6252-433C-A996-AE5C4CA81265}.Debug|Any CPU.Build.0 = Debug|Any CPU
		{E0A26094-6252-433C-A996-AE5C4CA81265}.Release|Any CPU.ActiveCfg = Release|Any CPU
		{E0A26094-6252-433C-A996-AE5C4CA81265}.Release|Any CPU.Build.0 = Release|Any CPU
		{422BDD3D-5858-454E-B16A-BF8D77E4762D}.Debug|Any CPU.ActiveCfg = Debug|Any CPU
		{422BDD3D-5858-454E-B16A-BF8D77E4762D}.Debug|Any CPU.Build.0 = Debug|Any CPU
		{422BDD3D-5858-454E-B16A-BF8D77E4762D}.Release|Any CPU.ActiveCfg = Release|Any CPU
		{422BDD3D-5858-454E-B16A-BF8D77E4762D}.Release|Any CPU.Build.0 = Release|Any CPU
	EndGlobalSection
	GlobalSection(SolutionProperties) = preSolution
		HideSolutionNode = FALSE
	EndGlobalSection
	GlobalSection(NestedProjects) = preSolution
		{F608A287-E276-444D-A4A0-E7B98EE1D31D} = {82AB47F9-2D64-47DB-B5C7-6BB3CB3277A5}
		{AA0C9116-F118-4DCD-84AB-3CEA6776EFF9} = {82AB47F9-2D64-47DB-B5C7-6BB3CB3277A5}
		{112AF518-A53D-4341-A22A-430C0DE439B6} = {82AB47F9-2D64-47DB-B5C7-6BB3CB3277A5}
		{E0A26094-6252-433C-A996-AE5C4CA81265} = {3396BE2E-88BB-4480-AB2D-6583C2699CD3}
		{422BDD3D-5858-454E-B16A-BF8D77E4762D} = {3396BE2E-88BB-4480-AB2D-6583C2699CD3}
	EndGlobalSection
	GlobalSection(ExtensibilityGlobals) = postSolution
		SolutionGuid = {AC0710C4-66A7-402A-A3C9-AACF45F346CC}
	EndGlobalSection
EndGlobal
